// !$*UTF8*$!
{
	archiveVersion = 1;
	classes = {
	};
	objectVersion = 50;
	objects = {

/* Begin PBXBuildFile section */
		ADA67A02218B764600ADB9E2 /* AppDelegate.swift in Sources */ = {isa = PBXBuildFile; fileRef = ADA67A01218B764500ADB9E2 /* AppDelegate.swift */; };
		ADA67A04218B764600ADB9E2 /* ViewController.swift in Sources */ = {isa = PBXBuildFile; fileRef = ADA67A03218B764600ADB9E2 /* ViewController.swift */; };
		ADA67A07218B764600ADB9E2 /* Main.storyboard in Resources */ = {isa = PBXBuildFile; fileRef = ADA67A05218B764600ADB9E2 /* Main.storyboard */; };
		ADA67A09218B765C00ADB9E2 /* Assets.xcassets in Resources */ = {isa = PBXBuildFile; fileRef = ADA67A08218B765C00ADB9E2 /* Assets.xcassets */; };
		ADA67A0C218B765C00ADB9E2 /* LaunchScreen.storyboard in Resources */ = {isa = PBXBuildFile; fileRef = ADA67A0A218B765C00ADB9E2 /* LaunchScreen.storyboard */; };
		ADA67A14218B76A700ADB9E2 /* AnimView.swift in Sources */ = {isa = PBXBuildFile; fileRef = ADA67A13218B76A700ADB9E2 /* AnimView.swift */; };
/* End PBXBuildFile section */

/* Begin PBXFileReference section */
		ADA679FE218B764500ADB9E2 /* AnimViewTest.app */ = {isa = PBXFileReference; explicitFileType = wrapper.application; includeInIndex = 0; path = AnimViewTest.app; sourceTree = BUILT_PRODUCTS_DIR; };
		ADA67A01218B764500ADB9E2 /* AppDelegate.swift */ = {isa = PBXFileReference; lastKnownFileType = sourcecode.swift; path = AppDelegate.swift; sourceTree = "<group>"; };
		ADA67A03218B764600ADB9E2 /* ViewController.swift */ = {isa = PBXFileReference; lastKnownFileType = sourcecode.swift; path = ViewController.swift; sourceTree = "<group>"; };
		ADA67A06218B764600ADB9E2 /* Base */ = {isa = PBXFileReference; lastKnownFileType = file.storyboard; name = Base; path = Base.lproj/Main.storyboard; sourceTree = "<group>"; };
		ADA67A08218B765C00ADB9E2 /* Assets.xcassets */ = {isa = PBXFileReference; lastKnownFileType = folder.assetcatalog; path = Assets.xcassets; sourceTree = "<group>"; };
		ADA67A0B218B765C00ADB9E2 /* Base */ = {isa = PBXFileReference; lastKnownFileType = file.storyboard; name = Base; path = Base.lproj/LaunchScreen.storyboard; sourceTree = "<group>"; };
		ADA67A0D218B765C00ADB9E2 /* Info.plist */ = {isa = PBXFileReference; lastKnownFileType = text.plist.xml; path = Info.plist; sourceTree = "<group>"; };
		ADA67A13218B76A700ADB9E2 /* AnimView.swift */ = {isa = PBXFileReference; lastKnownFileType = sourcecode.swift; path = AnimView.swift; sourceTree = "<group>"; };
/* End PBXFileReference section */

/* Begin PBXFrameworksBuildPhase section */
		ADA679FB218B764500ADB9E2 /* Frameworks */ = {
			isa = PBXFrameworksBuildPhase;
			buildActionMask = 2147483647;
			files = (
			);
			runOnlyForDeploymentPostprocessing = 0;
		};
/* End PBXFrameworksBuildPhase section */

/* Begin PBXGroup section */
		ADA679F5218B764400ADB9E2 = {
			isa = PBXGroup;
			children = (
				ADA67A00218B764500ADB9E2 /* AnimViewTest */,
				ADA679FF218B764500ADB9E2 /* Products */,
			);
			sourceTree = "<group>";
		};
		ADA679FF218B764500ADB9E2 /* Products */ = {
			isa = PBXGroup;
			children = (
				ADA679FE218B764500ADB9E2 /* AnimViewTest.app */,
			);
			name = Products;
			sourceTree = "<group>";
		};
		ADA67A00218B764500ADB9E2 /* AnimViewTest */ = {
			isa = PBXGroup;
			children = (
				ADA67A01218B764500ADB9E2 /* AppDelegate.swift */,
				ADA67A03218B764600ADB9E2 /* ViewController.swift */,
				ADA67A05218B764600ADB9E2 /* Main.storyboard */,
				ADA67A08218B765C00ADB9E2 /* Assets.xcassets */,
				ADA67A0A218B765C00ADB9E2 /* LaunchScreen.storyboard */,
				ADA67A0D218B765C00ADB9E2 /* Info.plist */,
				ADA67A13218B76A700ADB9E2 /* AnimView.swift */,
			);
			path = AnimViewTest;
			sourceTree = "<group>";
		};
/* End PBXGroup section */

/* Begin PBXNativeTarget section */
		ADA679FD218B764500ADB9E2 /* AnimViewTest */ = {
			isa = PBXNativeTarget;
			buildConfigurationList = ADA67A10218B765C00ADB9E2 /* Build configuration list for PBXNativeTarget "AnimViewTest" */;
			buildPhases = (
				ADA679FA218B764500ADB9E2 /* Sources */,
				ADA679FB218B764500ADB9E2 /* Frameworks */,
				ADA679FC218B764500ADB9E2 /* Resources */,
			);
			buildRules = (
			);
			dependencies = (
			);
			name = AnimViewTest;
			productName = AnimViewTest;
			productReference = ADA679FE218B764500ADB9E2 /* AnimViewTest.app */;
			productType = "com.apple.product-type.application";
		};
/* End PBXNativeTarget section */

/* Begin PBXProject section */
		ADA679F6218B764400ADB9E2 /* Project object */ = {
			isa = PBXProject;
			attributes = {
				LastSwiftUpdateCheck = 0940;
				LastUpgradeCheck = 0940;
				ORGANIZATIONNAME = Jatin;
				TargetAttributes = {
					ADA679FD218B764500ADB9E2 = {
						CreatedOnToolsVersion = 9.4.1;
					};
				};
			};
			buildConfigurationList = ADA679F9218B764400ADB9E2 /* Build configuration list for PBXProject "AnimViewTest" */;
			compatibilityVersion = "Xcode 9.3";
			developmentRegion = en;
			hasScannedForEncodings = 0;
			knownRegions = (
				en,
				Base,
			);
			mainGroup = ADA679F5218B764400ADB9E2;
			productRefGroup = ADA679FF218B764500ADB9E2 /* Products */;
			projectDirPath = "";
			projectRoot = "";
			targets = (
				ADA679FD218B764500ADB9E2 /* AnimViewTest */,
			);
		};
/* End PBXProject section */

/* Begin PBXResourcesBuildPhase section */
		ADA679FC218B764500ADB9E2 /* Resources */ = {
			isa = PBXResourcesBuildPhase;
			buildActionMask = 2147483647;
			files = (
				ADA67A0C218B765C00ADB9E2 /* LaunchScreen.storyboard in Resources */,
				ADA67A09218B765C00ADB9E2 /* Assets.xcassets in Resources */,
				ADA67A07218B764600ADB9E2 /* Main.storyboard in Resources */,
			);
			runOnlyForDeploymentPostprocessing = 0;
		};
/* End PBXResourcesBuildPhase section */

/* Begin PBXSourcesBuildPhase section */
		ADA679FA218B764500ADB9E2 /* Sources */ = {
			isa = PBXSourcesBuildPhase;
			buildActionMask = 2147483647;
			files = (
				ADA67A04218B764600ADB9E2 /* ViewController.swift in Sources */,
				ADA67A02218B764600ADB9E2 /* AppDelegate.swift in Sources */,
				ADA67A14218B76A700ADB9E2 /* AnimView.swift in Sources */,
			);
			runOnlyForDeploymentPostprocessing = 0;
		};
/* End PBXSourcesBuildPhase section */

/* Begin PBXVariantGroup section */
		ADA67A05218B764600ADB9E2 /* Main.storyboard */ = {
			isa = PBXVariantGroup;
			children = (
				ADA67A06218B764600ADB9E2 /* Base */,
			);
			name = Main.storyboard;
			sourceTree = "<group>";
		};
		ADA67A0A218B765C00ADB9E2 /* LaunchScreen.storyboard */ = {
			isa = PBXVariantGroup;
			children = (
				ADA67A0B218B765C00ADB9E2 /* Base */,
			);
			name = LaunchScreen.storyboard;
			sourceTree = "<group>";
		};
/* End PBXVariantGroup section */

/* Begin XCBuildConfiguration section */
		ADA67A0E218B765C00ADB9E2 /* Debug */ = {
			isa = XCBuildConfiguration;
			buildSettings = {
				ALWAYS_SEARCH_USER_PATHS = NO;
				CLANG_ANALYZER_NONNULL = YES;
				CLANG_ANALYZER_NUMBER_OBJECT_CONVERSION = YES_AGGRESSIVE;
				CLANG_CXX_LANGUAGE_STANDARD = "gnu++14";
				CLANG_CXX_LIBRARY = "libc++";
				CLANG_ENABLE_MODULES = YES;
				CLANG_ENABLE_OBJC_ARC = YES;
				CLANG_ENABLE_OBJC_WEAK = YES;
				CLANG_WARN_BLOCK_CAPTURE_AUTORELEASING = YES;
				CLANG_WARN_BOOL_CONVERSION = YES;
				CLANG_WARN_COMMA = YES;
				CLANG_WARN_CONSTANT_CONVERSION = YES;
				CLANG_WARN_DEPRECATED_OBJC_IMPLEMENTATIONS = YES;
				CLANG_WARN_DIRECT_OBJC_ISA_USAGE = YES_ERROR;
				CLANG_WARN_DOCUMENTATION_COMMENTS = YES;
				CLANG_WARN_EMPTY_BODY = YES;
				CLANG_WARN_ENUM_CONVERSION = YES;
				CLANG_WARN_INFINITE_RECURSION = YES;
				CLANG_WARN_INT_CONVERSION = YES;
				CLANG_WARN_NON_LITERAL_NULL_CONVERSION = YES;
				CLANG_WARN_OBJC_IMPLICIT_RETAIN_SELF = YES;
				CLANG_WARN_OBJC_LITERAL_CONVERSION = YES;
				CLANG_WARN_OBJC_ROOT_CLASS = YES_ERROR;
				CLANG_WARN_RANGE_LOOP_ANALYSIS = YES;
				CLANG_WARN_STRICT_PROTOTYPES = YES;
				CLANG_WARN_SUSPICIOUS_MOVE = YES;
				CLANG_WARN_UNGUARDED_AVAILABILITY = YES_AGGRESSIVE;
				CLANG_WARN_UNREACHABLE_CODE = YES;
				CLANG_WARN__DUPLICATE_METHOD_MATCH = YES;
				CODE_SIGN_IDENTITY = "iPhone Developer";
				COPY_PHASE_STRIP = NO;
				DEBUG_INFORMATION_FORMAT = dwarf;
				ENABLE_STRICT_OBJC_MSGSEND = YES;
				ENABLE_TESTABILITY = YES;
				GCC_C_LANGUAGE_STANDARD = gnu11;
				GCC_DYNAMIC_NO_PIC = NO;
				GCC_NO_COMMON_BLOCKS = YES;
				GCC_OPTIMIZATION_LEVEL = 0;
				GCC_PREPROCESSOR_DEFINITIONS = (
					"DEBUG=1",
					"$(inherited)",
				);
				GCC_WARN_64_TO_32_BIT_CONVERSION = YES;
				GCC_WARN_ABOUT_RETURN_TYPE = YES_ERROR;
				GCC_WARN_UNDECLARED_SELECTOR = YES;
				GCC_WARN_UNINITIALIZED_AUTOS = YES_AGGRESSIVE;
				GCC_WARN_UNUSED_FUNCTION = YES;
				GCC_WARN_UNUSED_VARIABLE = YES;
				IPHONEOS_DEPLOYMENT_TARGET = 11.4;
				MTL_ENABLE_DEBUG_INFO = YES;
				ONLY_ACTIVE_ARCH = YES;
				SDKROOT = iphoneos;
				SWIFT_ACTIVE_COMPILATION_CONDITIONS = DEBUG;
				SWIFT_OPTIMIZATION_LEVEL = "-Onone";
			};
			name = Debug;
		};
		ADA67A0F218B765C00ADB9E2 /* Release */ = {
			isa = XCBuildConfiguration;
			buildSettings = {
				ALWAYS_SEARCH_USER_PATHS = NO;
				CLANG_ANALYZER_NONNULL = YES;
				CLANG_ANALYZER_NUMBER_OBJECT_CONVERSION = YES_AGGRESSIVE;
				CLANG_CXX_LANGUAGE_STANDARD = "gnu++14";
				CLANG_CXX_LIBRARY = "libc++";
				CLANG_ENABLE_MODULES = YES;
				CLANG_ENABLE_OBJC_ARC = YES;
				CLANG_ENABLE_OBJC_WEAK = YES;
				CLANG_WARN_BLOCK_CAPTURE_AUTORELEASING = YES;
				CLANG_WARN_BOOL_CONVERSION = YES;
				CLANG_WARN_COMMA = YES;
				CLANG_WARN_CONSTANT_CONVERSION = YES;
				CLANG_WARN_DEPRECATED_OBJC_IMPLEMENTATIONS = YES;
				CLANG_WARN_DIRECT_OBJC_ISA_USAGE = YES_ERROR;
				CLANG_WARN_DOCUMENTATION_COMMENTS = YES;
				CLANG_WARN_EMPTY_BODY = YES;
				CLANG_WARN_ENUM_CONVERSION = YES;
				CLANG_WARN_INFINITE_RECURSION = YES;
				CLANG_WARN_INT_CONVERSION = YES;
				CLANG_WARN_NON_LITERAL_NULL_CONVERSION = YES;
				CLANG_WARN_OBJC_IMPLICIT_RETAIN_SELF = YES;
				CLANG_WARN_OBJC_LITERAL_CONVERSION = YES;
				CLANG_WARN_OBJC_ROOT_CLASS = YES_ERROR;
				CLANG_WARN_RANGE_LOOP_ANALYSIS = YES;
				CLANG_WARN_STRICT_PROTOTYPES = YES;
				CLANG_WARN_SUSPICIOUS_MOVE = YES;
				CLANG_WARN_UNGUARDED_AVAILABILITY = YES_AGGRESSIVE;
				CLANG_WARN_UNREACHABLE_CODE = YES;
				CLANG_WARN__DUPLICATE_METHOD_MATCH = YES;
				CODE_SIGN_IDENTITY = "iPhone Developer";
				COPY_PHASE_STRIP = NO;
				DEBUG_INFORMATION_FORMAT = "dwarf-with-dsym";
				ENABLE_NS_ASSERTIONS = NO;
				ENABLE_STRICT_OBJC_MSGSEND = YES;
				GCC_C_LANGUAGE_STANDARD = gnu11;
				GCC_NO_COMMON_BLOCKS = YES;
				GCC_WARN_64_TO_32_BIT_CONVERSION = YES;
				GCC_WARN_ABOUT_RETURN_TYPE = YES_ERROR;
				GCC_WARN_UNDECLARED_SELECTOR = YES;
				GCC_WARN_UNINITIALIZED_AUTOS = YES_AGGRESSIVE;
				GCC_WARN_UNUSED_FUNCTION = YES;
				GCC_WARN_UNUSED_VARIABLE = YES;
				IPHONEOS_DEPLOYMENT_TARGET = 11.4;
				MTL_ENABLE_DEBUG_INFO = NO;
				SDKROOT = iphoneos;
				SWIFT_COMPILATION_MODE = wholemodule;
				SWIFT_OPTIMIZATION_LEVEL = "-O";
				VALIDATE_PRODUCT = YES;
			};
			name = Release;
		};
		ADA67A11218B765C00ADB9E2 /* Debug */ = {
			isa = XCBuildConfiguration;
			buildSettings = {
				ASSETCATALOG_COMPILER_APPICON_NAME = AppIcon;
				CODE_SIGN_IDENTITY = "iPhone Developer";
				CODE_SIGN_STYLE = Automatic;
				DEVELOPMENT_TEAM = 3W3L2JUAK2;
				INFOPLIST_FILE = AnimViewTest/Info.plist;
				LD_RUNPATH_SEARCH_PATHS = (
					"$(inherited)",
					"@executable_path/Frameworks",
				);
				PRODUCT_BUNDLE_IDENTIFIER = com.innit.mealbuilder;
				PRODUCT_NAME = "$(TARGET_NAME)";
				PROVISIONING_PROFILE = "";
				PROVISIONING_PROFILE_SPECIFIER = "";
				SWIFT_VERSION = 4.0;
				TARGETED_DEVICE_FAMILY = "1,2";
			};
			name = Debug;
		};
		ADA67A12218B765C00ADB9E2 /* Release */ = {
			isa = XCBuildConfiguration;
			buildSettings = {
				ASSETCATALOG_COMPILER_APPICON_NAME = AppIcon;
				CODE_SIGN_IDENTITY = "iPhone Developer";
				CODE_SIGN_STYLE = Automatic;
				DEVELOPMENT_TEAM = 3W3L2JUAK2;
				INFOPLIST_FILE = AnimViewTest/Info.plist;
				LD_RUNPATH_SEARCH_PATHS = (
					"$(inherited)",
					"@executable_path/Frameworks",
				);
				PRODUCT_BUNDLE_IDENTIFIER = com.innit.mealbuilder;
				PRODUCT_NAME = "$(TARGET_NAME)";
				PROVISIONING_PROFILE_SPECIFIER = "";
				SWIFT_VERSION = 4.0;
				TARGETED_DEVICE_FAMILY = "1,2";
			};
			name = Release;
		};
/* End XCBuildConfiguration section */

/* Begin XCConfigurationList section */
		ADA679F9218B764400ADB9E2 /* Build configuration list for PBXProject "AnimViewTest" */ = {
			isa = XCConfigurationList;
			buildConfigurations = (
				ADA67A0E218B765C00ADB9E2 /* Debug */,
				ADA67A0F218B765C00ADB9E2 /* Release */,
			);
			defaultConfigurationIsVisible = 0;
			defaultConfigurationName = Release;
		};
		ADA67A10218B765C00ADB9E2 /* Build configuration list for PBXNativeTarget "AnimViewTest" */ = {
			isa = XCConfigurationList;
			buildConfigurations = (
				ADA67A11218B765C00ADB9E2 /* Debug */,
				ADA67A12218B765C00ADB9E2 /* Release */,
			);
			defaultConfigurationIsVisible = 0;
			defaultConfigurationName = Release;
		};
/* End XCConfigurationList section */
	};
	rootObject = ADA679F6218B764400ADB9E2 /* Project object */;
}
